
Microsoft Visual Studio Solution File, Format Version 12.00
# Visual Studio Version 17
VisualStudioVersion = 17.13.35931.197 d17.13
MinimumVisualStudioVersion = 10.0.40219.1
Project("{FAE04EC0-301F-11D3-BF4B-00C04F79EFBC}") = "AutoMehApi", "WebApplication1\AutoMehApi.csproj", "{D171DF2B-E1DB-4724-83CF-C0411593C8C9}"
EndProject
Project("{FAE04EC0-301F-11D3-BF4B-00C04F79EFBC}") = "Infrastructure", "Infrastructure\Infrastructure.csproj", "{90D3E1CF-C08B-43D3-9FA4-AF1EDCF67831}"
EndProject
Project("{FAE04EC0-301F-11D3-BF4B-00C04F79EFBC}") = "Domain", "Domain\Domain.csproj", "{171C008D-4DB5-4F69-9231-664053187716}"
EndProject
Project("{FAE04EC0-301F-11D3-BF4B-00C04F79EFBC}") = "Application", "Application\Application.csproj", "{F89C91B8-3DF7-45E3-B2BA-86CE10B99DF0}"
EndProject
Global
	GlobalSection(SolutionConfigurationPlatforms) = preSolution
		Debug|Any CPU = Debug|Any CPU
		Release|Any CPU = Release|Any CPU
	EndGlobalSection
	GlobalSection(ProjectConfigurationPlatforms) = postSolution
		{D171DF2B-E1DB-4724-83CF-C0411593C8C9}.Debug|Any CPU.ActiveCfg = Debug|Any CPU
		{D171DF2B-E1DB-4724-83CF-C0411593C8C9}.Debug|Any CPU.Build.0 = Debug|Any CPU
		{D171DF2B-E1DB-4724-83CF-C0411593C8C9}.Release|Any CPU.ActiveCfg = Release|Any CPU
		{D171DF2B-E1DB-4724-83CF-C0411593C8C9}.Release|Any CPU.Build.0 = Release|Any CPU
		{90D3E1CF-C08B-43D3-9FA4-AF1EDCF67831}.Debug|Any CPU.ActiveCfg = Debug|Any CPU
		{90D3E1CF-C08B-43D3-9FA4-AF1EDCF67831}.Debug|Any CPU.Build.0 = Debug|Any CPU
		{90D3E1CF-C08B-43D3-9FA4-AF1EDCF67831}.Release|Any CPU.ActiveCfg = Release|Any CPU
		{90D3E1CF-C08B-43D3-9FA4-AF1EDCF67831}.Release|Any CPU.Build.0 = Release|Any CPU
		{171C008D-4DB5-4F69-9231-664053187716}.Debug|Any CPU.ActiveCfg = Debug|Any CPU
		{171C008D-4DB5-4F69-9231-664053187716}.Debug|Any CPU.Build.0 = Debug|Any CPU
		{171C008D-4DB5-4F69-9231-664053187716}.Release|Any CPU.ActiveCfg = Release|Any CPU
		{171C008D-4DB5-4F69-9231-664053187716}.Release|Any CPU.Build.0 = Release|Any CPU
		{F89C91B8-3DF7-45E3-B2BA-86CE10B99DF0}.Debug|Any CPU.ActiveCfg = Debug|Any CPU
		{F89C91B8-3DF7-45E3-B2BA-86CE10B99DF0}.Debug|Any CPU.Build.0 = Debug|Any CPU
		{F89C91B8-3DF7-45E3-B2BA-86CE10B99DF0}.Release|Any CPU.ActiveCfg = Release|Any CPU
		{F89C91B8-3DF7-45E3-B2BA-86CE10B99DF0}.Release|Any CPU.Build.0 = Release|Any CPU
	EndGlobalSection
	GlobalSection(SolutionProperties) = preSolution
		HideSolutionNode = FALSE
	EndGlobalSection
	GlobalSection(ExtensibilityGlobals) = postSolution
		SolutionGuid = {C5B6D2AE-1B6B-4973-A775-BC8C17B733A9}
	EndGlobalSection
EndGlobal
